
Microsoft Visual Studio Solution File, Format Version 12.00
# Visual Studio 15
VisualStudioVersion = 15.0.28307.779
MinimumVisualStudioVersion = 10.0.40219.1
Project("{FAE04EC0-301F-11D3-BF4B-00C04F79EFBC}") = "CURP", "CURP\CURP.csproj", "{1354A725-08C5-4F3E-8E46-0FA1D39E1DBC}"
EndProject
Project("{FAE04EC0-301F-11D3-BF4B-00C04F79EFBC}") = "CURP.Test", "CURP.Test\CURP.Test.csproj", "{178F87A1-01C5-4ABA-84B6-2FA1A0EF9C5C}"
EndProject
Global
	GlobalSection(SolutionConfigurationPlatforms) = preSolution
		Debug|Any CPU = Debug|Any CPU
		Release|Any CPU = Release|Any CPU
	EndGlobalSection
	GlobalSection(ProjectConfigurationPlatforms) = postSolution
		{1354A725-08C5-4F3E-8E46-0FA1D39E1DBC}.Debug|Any CPU.ActiveCfg = Debug|Any CPU
		{1354A725-08C5-4F3E-8E46-0FA1D39E1DBC}.Debug|Any CPU.Build.0 = Debug|Any CPU
		{1354A725-08C5-4F3E-8E46-0FA1D39E1DBC}.Release|Any CPU.ActiveCfg = Release|Any CPU
		{1354A725-08C5-4F3E-8E46-0FA1D39E1DBC}.Release|Any CPU.Build.0 = Release|Any CPU
		{178F87A1-01C5-4ABA-84B6-2FA1A0EF9C5C}.Debug|Any CPU.ActiveCfg = Debug|Any CPU
		{178F87A1-01C5-4ABA-84B6-2FA1A0EF9C5C}.Debug|Any CPU.Build.0 = Debug|Any CPU
		{178F87A1-01C5-4ABA-84B6-2FA1A0EF9C5C}.Release|Any CPU.ActiveCfg = Release|Any CPU
		{178F87A1-01C5-4ABA-84B6-2FA1A0EF9C5C}.Release|Any CPU.Build.0 = Release|Any CPU
	EndGlobalSection
	GlobalSection(SolutionProperties) = preSolution
		HideSolutionNode = FALSE
	EndGlobalSection
	GlobalSection(ExtensibilityGlobals) = postSolution
		SolutionGuid = {4FF641F5-7370-4FCF-86E1-19CAC2EE230D}
	EndGlobalSection
EndGlobal
